// !$*UTF8*$!
{
	archiveVersion = 1;
	classes = {
	};
	objectVersion = 48;
	objects = {

/* Begin PBXBuildFile section */
		212C0D689096E4B2B978BB0C /* libPods-shoppingIOSTests.a in Frameworks */ = {isa = PBXBuildFile; fileRef = 0B9EC3427BB723D99A13677D /* libPods-shoppingIOSTests.a */; };
		624443A17C3BEA99FD40B8BE /* libPods-shoppingIOSUITests.a in Frameworks */ = {isa = PBXBuildFile; fileRef = D129A93F5FB08118F7165D66 /* libPods-shoppingIOSUITests.a */; };
		6F1A35421FAECCE3004CBBF3 /* Login.storyboard in Resources */ = {isa = PBXBuildFile; fileRef = 6F1A35411FAECCE3004CBBF3 /* Login.storyboard */; };
		6F1A35441FAECD1B004CBBF3 /* LoginViewController.swift in Sources */ = {isa = PBXBuildFile; fileRef = 6F1A35431FAECD1B004CBBF3 /* LoginViewController.swift */; };
		6F1A35461FAECD34004CBBF3 /* LoginViewModel.swift in Sources */ = {isa = PBXBuildFile; fileRef = 6F1A35451FAECD34004CBBF3 /* LoginViewModel.swift */; };
		6F1A354B1FAEFE87004CBBF3 /* R.generated.swift in Sources */ = {isa = PBXBuildFile; fileRef = 6F1A354A1FAEFE87004CBBF3 /* R.generated.swift */; };
		6F1A354E1FAF04C4004CBBF3 /* RecipeListViewModel.swift in Sources */ = {isa = PBXBuildFile; fileRef = 6F1A354D1FAF04C4004CBBF3 /* RecipeListViewModel.swift */; };
		6F1A35511FAF0D19004CBBF3 /* RecipeCell.xib in Resources */ = {isa = PBXBuildFile; fileRef = 6F1A35501FAF0D19004CBBF3 /* RecipeCell.xib */; };
		6F1A35531FAF0D33004CBBF3 /* RecipeCell.swift in Sources */ = {isa = PBXBuildFile; fileRef = 6F1A35521FAF0D33004CBBF3 /* RecipeCell.swift */; };
		6F1A35551FAF0D45004CBBF3 /* RecipeCellViewModel.swift in Sources */ = {isa = PBXBuildFile; fileRef = 6F1A35541FAF0D45004CBBF3 /* RecipeCellViewModel.swift */; };
		6F1A35571FAF11BB004CBBF3 /* Recipe.swift in Sources */ = {isa = PBXBuildFile; fileRef = 6F1A35561FAF11BB004CBBF3 /* Recipe.swift */; };
		6F1A355A1FAF1366004CBBF3 /* UIImageView+WebImage.swift in Sources */ = {isa = PBXBuildFile; fileRef = 6F1A35591FAF1366004CBBF3 /* UIImageView+WebImage.swift */; };
		6F1A355C1FAF1A18004CBBF3 /* Mocks.swift in Sources */ = {isa = PBXBuildFile; fileRef = 6F1A355B1FAF1A18004CBBF3 /* Mocks.swift */; };
		6F1A355F1FAF2D8E004CBBF3 /* RecipeDetailViewModel.swift in Sources */ = {isa = PBXBuildFile; fileRef = 6F1A355E1FAF2D8E004CBBF3 /* RecipeDetailViewModel.swift */; };
		6F1A35611FAF2DA2004CBBF3 /* RecipeDetailController.swift in Sources */ = {isa = PBXBuildFile; fileRef = 6F1A35601FAF2DA2004CBBF3 /* RecipeDetailController.swift */; };
		6F1A35641FAF432A004CBBF3 /* Storyboard+UIKit.swift in Sources */ = {isa = PBXBuildFile; fileRef = 6F1A35631FAF432A004CBBF3 /* Storyboard+UIKit.swift */; };
		6F1A35661FAF447B004CBBF3 /* SelectableButton.swift in Sources */ = {isa = PBXBuildFile; fileRef = 6F1A35651FAF447B004CBBF3 /* SelectableButton.swift */; };
		6F1A356B1FAF50AF004CBBF3 /* ComboRow.swift in Sources */ = {isa = PBXBuildFile; fileRef = 6F1A356A1FAF50AF004CBBF3 /* ComboRow.swift */; };
		6F1A356D1FAF5A8D004CBBF3 /* ComboRow.xib in Resources */ = {isa = PBXBuildFile; fileRef = 6F1A356C1FAF5A8D004CBBF3 /* ComboRow.xib */; };
		6F1A356F1FAF5ACF004CBBF3 /* NibBaseView.swift in Sources */ = {isa = PBXBuildFile; fileRef = 6F1A356E1FAF5ACF004CBBF3 /* NibBaseView.swift */; };
		6F1A35711FAF5CA8004CBBF3 /* ComboRowViewModel.swift in Sources */ = {isa = PBXBuildFile; fileRef = 6F1A35701FAF5CA8004CBBF3 /* ComboRowViewModel.swift */; };
		6F1A35731FAF6911004CBBF3 /* UIView+AutoLayout.swift in Sources */ = {isa = PBXBuildFile; fileRef = 6F1A35721FAF6911004CBBF3 /* UIView+AutoLayout.swift */; };
		6F1A35761FAFE3E6004CBBF3 /* FlavorRow.xib in Resources */ = {isa = PBXBuildFile; fileRef = 6F1A35751FAFE3E6004CBBF3 /* FlavorRow.xib */; };
		6F1A35781FAFE4D1004CBBF3 /* FlavorRow.swift in Sources */ = {isa = PBXBuildFile; fileRef = 6F1A35771FAFE4D1004CBBF3 /* FlavorRow.swift */; };
		6F1A357A1FAFE4F0004CBBF3 /* FlavorRowViewModel.swift in Sources */ = {isa = PBXBuildFile; fileRef = 6F1A35791FAFE4F0004CBBF3 /* FlavorRowViewModel.swift */; };
		6F1A357C1FB01395004CBBF3 /* ShoppingHUD.swift in Sources */ = {isa = PBXBuildFile; fileRef = 6F1A357B1FB01395004CBBF3 /* ShoppingHUD.swift */; };
		6F25F6CC1FC165D800205ED8 /* APIClient.swift in Sources */ = {isa = PBXBuildFile; fileRef = 6F25F6CB1FC165D800205ED8 /* APIClient.swift */; };
		6F25F6CE1FC165F200205ED8 /* RecipeAPI.swift in Sources */ = {isa = PBXBuildFile; fileRef = 6F25F6CD1FC165F200205ED8 /* RecipeAPI.swift */; };
		6F25F6D01FC173E500205ED8 /* PageableListController.swift in Sources */ = {isa = PBXBuildFile; fileRef = 6F25F6CF1FC173E500205ED8 /* PageableListController.swift */; };
		6F25F6D31FC1962200205ED8 /* MoreTestController.swift in Sources */ = {isa = PBXBuildFile; fileRef = 6F25F6D21FC1962200205ED8 /* MoreTestController.swift */; };
		6F49C2A41FA58F1400D20612 /* AppDelegate.swift in Sources */ = {isa = PBXBuildFile; fileRef = 6F49C2A31FA58F1400D20612 /* AppDelegate.swift */; };
		6F49C2A61FA58F1400D20612 /* RecipeListController.swift in Sources */ = {isa = PBXBuildFile; fileRef = 6F49C2A51FA58F1400D20612 /* RecipeListController.swift */; };
		6F49C2A91FA58F1400D20612 /* Main.storyboard in Resources */ = {isa = PBXBuildFile; fileRef = 6F49C2A71FA58F1400D20612 /* Main.storyboard */; };
		6F49C2AB1FA58F1400D20612 /* Assets.xcassets in Resources */ = {isa = PBXBuildFile; fileRef = 6F49C2AA1FA58F1400D20612 /* Assets.xcassets */; };
		6F49C2AE1FA58F1400D20612 /* LaunchScreen.storyboard in Resources */ = {isa = PBXBuildFile; fileRef = 6F49C2AC1FA58F1400D20612 /* LaunchScreen.storyboard */; };
		6F49C2B91FA58F1400D20612 /* shoppingIOSTests.swift in Sources */ = {isa = PBXBuildFile; fileRef = 6F49C2B81FA58F1400D20612 /* shoppingIOSTests.swift */; };
		6F49C2C41FA58F1400D20612 /* shoppingIOSUITests.swift in Sources */ = {isa = PBXBuildFile; fileRef = 6F49C2C31FA58F1400D20612 /* shoppingIOSUITests.swift */; };
		7478B2710E60E68C39CA4DEF /* Pods_shoppingIOS.framework in Frameworks */ = {isa = PBXBuildFile; fileRef = A6D135615ADD2905F78B3E1B /* Pods_shoppingIOS.framework */; };
/* End PBXBuildFile section */

/* Begin PBXContainerItemProxy section */
		6F49C2B51FA58F1400D20612 /* PBXContainerItemProxy */ = {
			isa = PBXContainerItemProxy;
			containerPortal = 6F49C2981FA58F1400D20612 /* Project object */;
			proxyType = 1;
			remoteGlobalIDString = 6F49C29F1FA58F1400D20612;
			remoteInfo = shoppingIOS;
		};
		6F49C2C01FA58F1400D20612 /* PBXContainerItemProxy */ = {
			isa = PBXContainerItemProxy;
			containerPortal = 6F49C2981FA58F1400D20612 /* Project object */;
			proxyType = 1;
			remoteGlobalIDString = 6F49C29F1FA58F1400D20612;
			remoteInfo = shoppingIOS;
		};
/* End PBXContainerItemProxy section */

/* Begin PBXFileReference section */
		0B9EC3427BB723D99A13677D /* libPods-shoppingIOSTests.a */ = {isa = PBXFileReference; explicitFileType = archive.ar; includeInIndex = 0; path = "libPods-shoppingIOSTests.a"; sourceTree = BUILT_PRODUCTS_DIR; };
		0CFBA233752169EFDACDBB36 /* Pods-shoppingIOS.release.xcconfig */ = {isa = PBXFileReference; includeInIndex = 1; lastKnownFileType = text.xcconfig; name = "Pods-shoppingIOS.release.xcconfig"; path = "Pods/Target Support Files/Pods-shoppingIOS/Pods-shoppingIOS.release.xcconfig"; sourceTree = "<group>"; };
		0D4D1E9D8FAA0500C5B71428 /* Pods-shoppingIOS.debug.xcconfig */ = {isa = PBXFileReference; includeInIndex = 1; lastKnownFileType = text.xcconfig; name = "Pods-shoppingIOS.debug.xcconfig"; path = "Pods/Target Support Files/Pods-shoppingIOS/Pods-shoppingIOS.debug.xcconfig"; sourceTree = "<group>"; };
		5A3248675162708F1E408CCB /* Pods-shoppingIOSTests.release.xcconfig */ = {isa = PBXFileReference; includeInIndex = 1; lastKnownFileType = text.xcconfig; name = "Pods-shoppingIOSTests.release.xcconfig"; path = "Pods/Target Support Files/Pods-shoppingIOSTests/Pods-shoppingIOSTests.release.xcconfig"; sourceTree = "<group>"; };
		6F1A35411FAECCE3004CBBF3 /* Login.storyboard */ = {isa = PBXFileReference; lastKnownFileType = file.storyboard; path = Login.storyboard; sourceTree = "<group>"; };
		6F1A35431FAECD1B004CBBF3 /* LoginViewController.swift */ = {isa = PBXFileReference; lastKnownFileType = sourcecode.swift; path = LoginViewController.swift; sourceTree = "<group>"; };
		6F1A35451FAECD34004CBBF3 /* LoginViewModel.swift */ = {isa = PBXFileReference; lastKnownFileType = sourcecode.swift; path = LoginViewModel.swift; sourceTree = "<group>"; };
		6F1A354A1FAEFE87004CBBF3 /* R.generated.swift */ = {isa = PBXFileReference; fileEncoding = 4; lastKnownFileType = sourcecode.swift; path = R.generated.swift; sourceTree = SOURCE_ROOT; };
		6F1A354D1FAF04C4004CBBF3 /* RecipeListViewModel.swift */ = {isa = PBXFileReference; lastKnownFileType = sourcecode.swift; path = RecipeListViewModel.swift; sourceTree = "<group>"; };
		6F1A35501FAF0D19004CBBF3 /* RecipeCell.xib */ = {isa = PBXFileReference; lastKnownFileType = file.xib; path = RecipeCell.xib; sourceTree = "<group>"; };
		6F1A35521FAF0D33004CBBF3 /* RecipeCell.swift */ = {isa = PBXFileReference; lastKnownFileType = sourcecode.swift; path = RecipeCell.swift; sourceTree = "<group>"; };
		6F1A35541FAF0D45004CBBF3 /* RecipeCellViewModel.swift */ = {isa = PBXFileReference; lastKnownFileType = sourcecode.swift; path = RecipeCellViewModel.swift; sourceTree = "<group>"; };
		6F1A35561FAF11BB004CBBF3 /* Recipe.swift */ = {isa = PBXFileReference; lastKnownFileType = sourcecode.swift; path = Recipe.swift; sourceTree = "<group>"; };
		6F1A35591FAF1366004CBBF3 /* UIImageView+WebImage.swift */ = {isa = PBXFileReference; lastKnownFileType = sourcecode.swift; path = "UIImageView+WebImage.swift"; sourceTree = "<group>"; };
		6F1A355B1FAF1A18004CBBF3 /* Mocks.swift */ = {isa = PBXFileReference; lastKnownFileType = sourcecode.swift; path = Mocks.swift; sourceTree = "<group>"; };
		6F1A355E1FAF2D8E004CBBF3 /* RecipeDetailViewModel.swift */ = {isa = PBXFileReference; lastKnownFileType = sourcecode.swift; path = RecipeDetailViewModel.swift; sourceTree = "<group>"; };
		6F1A35601FAF2DA2004CBBF3 /* RecipeDetailController.swift */ = {isa = PBXFileReference; lastKnownFileType = sourcecode.swift; path = RecipeDetailController.swift; sourceTree = "<group>"; };
		6F1A35631FAF432A004CBBF3 /* Storyboard+UIKit.swift */ = {isa = PBXFileReference; lastKnownFileType = sourcecode.swift; path = "Storyboard+UIKit.swift"; sourceTree = "<group>"; };
		6F1A35651FAF447B004CBBF3 /* SelectableButton.swift */ = {isa = PBXFileReference; lastKnownFileType = sourcecode.swift; path = SelectableButton.swift; sourceTree = "<group>"; };
		6F1A356A1FAF50AF004CBBF3 /* ComboRow.swift */ = {isa = PBXFileReference; lastKnownFileType = sourcecode.swift; path = ComboRow.swift; sourceTree = "<group>"; };
		6F1A356C1FAF5A8D004CBBF3 /* ComboRow.xib */ = {isa = PBXFileReference; lastKnownFileType = file.xib; path = ComboRow.xib; sourceTree = "<group>"; };
		6F1A356E1FAF5ACF004CBBF3 /* NibBaseView.swift */ = {isa = PBXFileReference; fileEncoding = 4; lastKnownFileType = sourcecode.swift; path = NibBaseView.swift; sourceTree = "<group>"; };
		6F1A35701FAF5CA8004CBBF3 /* ComboRowViewModel.swift */ = {isa = PBXFileReference; lastKnownFileType = sourcecode.swift; path = ComboRowViewModel.swift; sourceTree = "<group>"; };
		6F1A35721FAF6911004CBBF3 /* UIView+AutoLayout.swift */ = {isa = PBXFileReference; lastKnownFileType = sourcecode.swift; path = "UIView+AutoLayout.swift"; sourceTree = "<group>"; };
		6F1A35751FAFE3E6004CBBF3 /* FlavorRow.xib */ = {isa = PBXFileReference; lastKnownFileType = file.xib; path = FlavorRow.xib; sourceTree = "<group>"; };
		6F1A35771FAFE4D1004CBBF3 /* FlavorRow.swift */ = {isa = PBXFileReference; lastKnownFileType = sourcecode.swift; path = FlavorRow.swift; sourceTree = "<group>"; };
		6F1A35791FAFE4F0004CBBF3 /* FlavorRowViewModel.swift */ = {isa = PBXFileReference; lastKnownFileType = sourcecode.swift; path = FlavorRowViewModel.swift; sourceTree = "<group>"; };
		6F1A357B1FB01395004CBBF3 /* ShoppingHUD.swift */ = {isa = PBXFileReference; lastKnownFileType = sourcecode.swift; path = ShoppingHUD.swift; sourceTree = "<group>"; };
		6F25F6CB1FC165D800205ED8 /* APIClient.swift */ = {isa = PBXFileReference; lastKnownFileType = sourcecode.swift; path = APIClient.swift; sourceTree = "<group>"; };
		6F25F6CD1FC165F200205ED8 /* RecipeAPI.swift */ = {isa = PBXFileReference; lastKnownFileType = sourcecode.swift; path = RecipeAPI.swift; sourceTree = "<group>"; };
		6F25F6CF1FC173E500205ED8 /* PageableListController.swift */ = {isa = PBXFileReference; lastKnownFileType = sourcecode.swift; path = PageableListController.swift; sourceTree = "<group>"; };
		6F25F6D21FC1962200205ED8 /* MoreTestController.swift */ = {isa = PBXFileReference; lastKnownFileType = sourcecode.swift; path = MoreTestController.swift; sourceTree = "<group>"; };
		6F49C2A01FA58F1400D20612 /* shoppingIOS.app */ = {isa = PBXFileReference; explicitFileType = wrapper.application; includeInIndex = 0; path = shoppingIOS.app; sourceTree = BUILT_PRODUCTS_DIR; };
		6F49C2A31FA58F1400D20612 /* AppDelegate.swift */ = {isa = PBXFileReference; lastKnownFileType = sourcecode.swift; path = AppDelegate.swift; sourceTree = "<group>"; };
		6F49C2A51FA58F1400D20612 /* RecipeListController.swift */ = {isa = PBXFileReference; lastKnownFileType = sourcecode.swift; path = RecipeListController.swift; sourceTree = "<group>"; };
		6F49C2A81FA58F1400D20612 /* Base */ = {isa = PBXFileReference; lastKnownFileType = file.storyboard; name = Base; path = Base.lproj/Main.storyboard; sourceTree = "<group>"; };
		6F49C2AA1FA58F1400D20612 /* Assets.xcassets */ = {isa = PBXFileReference; lastKnownFileType = folder.assetcatalog; path = Assets.xcassets; sourceTree = "<group>"; };
		6F49C2AD1FA58F1400D20612 /* Base */ = {isa = PBXFileReference; lastKnownFileType = file.storyboard; name = Base; path = Base.lproj/LaunchScreen.storyboard; sourceTree = "<group>"; };
		6F49C2AF1FA58F1400D20612 /* Info.plist */ = {isa = PBXFileReference; lastKnownFileType = text.plist.xml; path = Info.plist; sourceTree = "<group>"; };
		6F49C2B41FA58F1400D20612 /* shoppingIOSTests.xctest */ = {isa = PBXFileReference; explicitFileType = wrapper.cfbundle; includeInIndex = 0; path = shoppingIOSTests.xctest; sourceTree = BUILT_PRODUCTS_DIR; };
		6F49C2B81FA58F1400D20612 /* shoppingIOSTests.swift */ = {isa = PBXFileReference; lastKnownFileType = sourcecode.swift; path = shoppingIOSTests.swift; sourceTree = "<group>"; };
		6F49C2BA1FA58F1400D20612 /* Info.plist */ = {isa = PBXFileReference; lastKnownFileType = text.plist.xml; path = Info.plist; sourceTree = "<group>"; };
		6F49C2BF1FA58F1400D20612 /* shoppingIOSUITests.xctest */ = {isa = PBXFileReference; explicitFileType = wrapper.cfbundle; includeInIndex = 0; path = shoppingIOSUITests.xctest; sourceTree = BUILT_PRODUCTS_DIR; };
		6F49C2C31FA58F1400D20612 /* shoppingIOSUITests.swift */ = {isa = PBXFileReference; lastKnownFileType = sourcecode.swift; path = shoppingIOSUITests.swift; sourceTree = "<group>"; };
		6F49C2C51FA58F1400D20612 /* Info.plist */ = {isa = PBXFileReference; lastKnownFileType = text.plist.xml; path = Info.plist; sourceTree = "<group>"; };
		A6D135615ADD2905F78B3E1B /* Pods_shoppingIOS.framework */ = {isa = PBXFileReference; explicitFileType = wrapper.framework; includeInIndex = 0; path = Pods_shoppingIOS.framework; sourceTree = BUILT_PRODUCTS_DIR; };
		B7291CC1D4D88C67416470CB /* Pods-shoppingIOSTests.debug.xcconfig */ = {isa = PBXFileReference; includeInIndex = 1; lastKnownFileType = text.xcconfig; name = "Pods-shoppingIOSTests.debug.xcconfig"; path = "Pods/Target Support Files/Pods-shoppingIOSTests/Pods-shoppingIOSTests.debug.xcconfig"; sourceTree = "<group>"; };
		CB5CFDCDCBEE87322B1172B6 /* Pods-shoppingIOSUITests.debug.xcconfig */ = {isa = PBXFileReference; includeInIndex = 1; lastKnownFileType = text.xcconfig; name = "Pods-shoppingIOSUITests.debug.xcconfig"; path = "Pods/Target Support Files/Pods-shoppingIOSUITests/Pods-shoppingIOSUITests.debug.xcconfig"; sourceTree = "<group>"; };
		D129A93F5FB08118F7165D66 /* libPods-shoppingIOSUITests.a */ = {isa = PBXFileReference; explicitFileType = archive.ar; includeInIndex = 0; path = "libPods-shoppingIOSUITests.a"; sourceTree = BUILT_PRODUCTS_DIR; };
		F940E0B860944C4500914784 /* Pods-shoppingIOSUITests.release.xcconfig */ = {isa = PBXFileReference; includeInIndex = 1; lastKnownFileType = text.xcconfig; name = "Pods-shoppingIOSUITests.release.xcconfig"; path = "Pods/Target Support Files/Pods-shoppingIOSUITests/Pods-shoppingIOSUITests.release.xcconfig"; sourceTree = "<group>"; };
/* End PBXFileReference section */

/* Begin PBXFrameworksBuildPhase section */
		6F49C29D1FA58F1400D20612 /* Frameworks */ = {
			isa = PBXFrameworksBuildPhase;
			buildActionMask = 2147483647;
			files = (
				7478B2710E60E68C39CA4DEF /* Pods_shoppingIOS.framework in Frameworks */,
			);
			runOnlyForDeploymentPostprocessing = 0;
		};
		6F49C2B11FA58F1400D20612 /* Frameworks */ = {
			isa = PBXFrameworksBuildPhase;
			buildActionMask = 2147483647;
			files = (
				212C0D689096E4B2B978BB0C /* libPods-shoppingIOSTests.a in Frameworks */,
			);
			runOnlyForDeploymentPostprocessing = 0;
		};
		6F49C2BC1FA58F1400D20612 /* Frameworks */ = {
			isa = PBXFrameworksBuildPhase;
			buildActionMask = 2147483647;
			files = (
				624443A17C3BEA99FD40B8BE /* libPods-shoppingIOSUITests.a in Frameworks */,
			);
			runOnlyForDeploymentPostprocessing = 0;
		};
/* End PBXFrameworksBuildPhase section */

/* Begin PBXGroup section */
		4EA6D900DE595EE95B253666 /* Pods */ = {
			isa = PBXGroup;
			children = (
				0D4D1E9D8FAA0500C5B71428 /* Pods-shoppingIOS.debug.xcconfig */,
				0CFBA233752169EFDACDBB36 /* Pods-shoppingIOS.release.xcconfig */,
				B7291CC1D4D88C67416470CB /* Pods-shoppingIOSTests.debug.xcconfig */,
				5A3248675162708F1E408CCB /* Pods-shoppingIOSTests.release.xcconfig */,
				CB5CFDCDCBEE87322B1172B6 /* Pods-shoppingIOSUITests.debug.xcconfig */,
				F940E0B860944C4500914784 /* Pods-shoppingIOSUITests.release.xcconfig */,
			);
			name = Pods;
			sourceTree = "<group>";
		};
		6F1A353F1FAECCA5004CBBF3 /* Shared */ = {
			isa = PBXGroup;
			children = (
				6F25F6CA1FC164BD00205ED8 /* API */,
				6F1A35621FAF4246004CBBF3 /* Views */,
				6F1A35581FAF1351004CBBF3 /* Extensions */,
			);
			path = Shared;
			sourceTree = "<group>";
		};
		6F1A35401FAECCCA004CBBF3 /* Login */ = {
			isa = PBXGroup;
			children = (
				6F1A35411FAECCE3004CBBF3 /* Login.storyboard */,
				6F1A35431FAECD1B004CBBF3 /* LoginViewController.swift */,
				6F1A35451FAECD34004CBBF3 /* LoginViewModel.swift */,
			);
			path = Login;
			sourceTree = "<group>";
		};
		6F1A354C1FAF0466004CBBF3 /* RecipeList */ = {
			isa = PBXGroup;
			children = (
				6F1A354F1FAF0D0C004CBBF3 /* RecipeCell */,
				6F49C2A51FA58F1400D20612 /* RecipeListController.swift */,
				6F1A354D1FAF04C4004CBBF3 /* RecipeListViewModel.swift */,
				6F1A355B1FAF1A18004CBBF3 /* Mocks.swift */,
			);
			path = RecipeList;
			sourceTree = "<group>";
		};
		6F1A354F1FAF0D0C004CBBF3 /* RecipeCell */ = {
			isa = PBXGroup;
			children = (
				6F1A35501FAF0D19004CBBF3 /* RecipeCell.xib */,
				6F1A35521FAF0D33004CBBF3 /* RecipeCell.swift */,
				6F1A35541FAF0D45004CBBF3 /* RecipeCellViewModel.swift */,
				6F1A35561FAF11BB004CBBF3 /* Recipe.swift */,
			);
			path = RecipeCell;
			sourceTree = "<group>";
		};
		6F1A35581FAF1351004CBBF3 /* Extensions */ = {
			isa = PBXGroup;
			children = (
				6F1A35591FAF1366004CBBF3 /* UIImageView+WebImage.swift */,
				6F1A35631FAF432A004CBBF3 /* Storyboard+UIKit.swift */,
				6F1A35721FAF6911004CBBF3 /* UIView+AutoLayout.swift */,
			);
			path = Extensions;
			sourceTree = "<group>";
		};
		6F1A355D1FAF2D72004CBBF3 /* RecipeDetail */ = {
			isa = PBXGroup;
			children = (
				6F1A35691FAF50A2004CBBF3 /* ComboRow */,
				6F1A35741FAFE3CC004CBBF3 /* FlavorRow */,
				6F1A355E1FAF2D8E004CBBF3 /* RecipeDetailViewModel.swift */,
				6F1A35601FAF2DA2004CBBF3 /* RecipeDetailController.swift */,
			);
			path = RecipeDetail;
			sourceTree = "<group>";
		};
		6F1A35621FAF4246004CBBF3 /* Views */ = {
			isa = PBXGroup;
			children = (
				6F1A356E1FAF5ACF004CBBF3 /* NibBaseView.swift */,
				6F1A35651FAF447B004CBBF3 /* SelectableButton.swift */,
				6F1A357B1FB01395004CBBF3 /* ShoppingHUD.swift */,
				6F25F6CF1FC173E500205ED8 /* PageableListController.swift */,
			);
			path = Views;
			sourceTree = "<group>";
		};
		6F1A35691FAF50A2004CBBF3 /* ComboRow */ = {
			isa = PBXGroup;
			children = (
				6F1A356A1FAF50AF004CBBF3 /* ComboRow.swift */,
				6F1A356C1FAF5A8D004CBBF3 /* ComboRow.xib */,
				6F1A35701FAF5CA8004CBBF3 /* ComboRowViewModel.swift */,
			);
			path = ComboRow;
			sourceTree = "<group>";
		};
		6F1A35741FAFE3CC004CBBF3 /* FlavorRow */ = {
			isa = PBXGroup;
			children = (
				6F1A35751FAFE3E6004CBBF3 /* FlavorRow.xib */,
				6F1A35771FAFE4D1004CBBF3 /* FlavorRow.swift */,
				6F1A35791FAFE4F0004CBBF3 /* FlavorRowViewModel.swift */,
			);
			path = FlavorRow;
			sourceTree = "<group>";
		};
		6F25F6CA1FC164BD00205ED8 /* API */ = {
			isa = PBXGroup;
			children = (
				6F25F6CB1FC165D800205ED8 /* APIClient.swift */,
				6F25F6CD1FC165F200205ED8 /* RecipeAPI.swift */,
			);
			path = API;
			sourceTree = "<group>";
		};
		6F25F6D11FC1960900205ED8 /* MoreTest */ = {
			isa = PBXGroup;
			children = (
				6F25F6D21FC1962200205ED8 /* MoreTestController.swift */,
			);
			path = MoreTest;
			sourceTree = "<group>";
		};
		6F49C2971FA58F1400D20612 = {
			isa = PBXGroup;
			children = (
				6F49C2A21FA58F1400D20612 /* shoppingIOS */,
				6F49C2B71FA58F1400D20612 /* shoppingIOSTests */,
				6F49C2C21FA58F1400D20612 /* shoppingIOSUITests */,
				6F49C2A11FA58F1400D20612 /* Products */,
				4EA6D900DE595EE95B253666 /* Pods */,
				AF070D5205F06932BBAC928B /* Frameworks */,
			);
			sourceTree = "<group>";
		};
		6F49C2A11FA58F1400D20612 /* Products */ = {
			isa = PBXGroup;
			children = (
				6F49C2A01FA58F1400D20612 /* shoppingIOS.app */,
				6F49C2B41FA58F1400D20612 /* shoppingIOSTests.xctest */,
				6F49C2BF1FA58F1400D20612 /* shoppingIOSUITests.xctest */,
			);
			name = Products;
			sourceTree = "<group>";
		};
		6F49C2A21FA58F1400D20612 /* shoppingIOS */ = {
			isa = PBXGroup;
			children = (
				6F1A353F1FAECCA5004CBBF3 /* Shared */,
				6F1A35401FAECCCA004CBBF3 /* Login */,
				6F1A354C1FAF0466004CBBF3 /* RecipeList */,
				6F1A355D1FAF2D72004CBBF3 /* RecipeDetail */,
				6F25F6D11FC1960900205ED8 /* MoreTest */,
				6F49C2A31FA58F1400D20612 /* AppDelegate.swift */,
				6F49C2A71FA58F1400D20612 /* Main.storyboard */,
				6F49C2AA1FA58F1400D20612 /* Assets.xcassets */,
				6F49C2AC1FA58F1400D20612 /* LaunchScreen.storyboard */,
				6F1A354A1FAEFE87004CBBF3 /* R.generated.swift */,
				6F49C2AF1FA58F1400D20612 /* Info.plist */,
			);
			path = shoppingIOS;
			sourceTree = "<group>";
		};
		6F49C2B71FA58F1400D20612 /* shoppingIOSTests */ = {
			isa = PBXGroup;
			children = (
				6F49C2B81FA58F1400D20612 /* shoppingIOSTests.swift */,
				6F49C2BA1FA58F1400D20612 /* Info.plist */,
			);
			path = shoppingIOSTests;
			sourceTree = "<group>";
		};
		6F49C2C21FA58F1400D20612 /* shoppingIOSUITests */ = {
			isa = PBXGroup;
			children = (
				6F49C2C31FA58F1400D20612 /* shoppingIOSUITests.swift */,
				6F49C2C51FA58F1400D20612 /* Info.plist */,
			);
			path = shoppingIOSUITests;
			sourceTree = "<group>";
		};
		AF070D5205F06932BBAC928B /* Frameworks */ = {
			isa = PBXGroup;
			children = (
				A6D135615ADD2905F78B3E1B /* Pods_shoppingIOS.framework */,
				0B9EC3427BB723D99A13677D /* libPods-shoppingIOSTests.a */,
				D129A93F5FB08118F7165D66 /* libPods-shoppingIOSUITests.a */,
			);
			name = Frameworks;
			sourceTree = "<group>";
		};
/* End PBXGroup section */

/* Begin PBXNativeTarget section */
		6F49C29F1FA58F1400D20612 /* shoppingIOS */ = {
			isa = PBXNativeTarget;
			buildConfigurationList = 6F49C2C81FA58F1500D20612 /* Build configuration list for PBXNativeTarget "shoppingIOS" */;
			buildPhases = (
				0E6461483ACEC24855F62B2B /* [CP] Check Pods Manifest.lock */,
				6F1A35471FAEFC6E004CBBF3 /* ShellScript */,
				6F49C29C1FA58F1400D20612 /* Sources */,
				6F49C29D1FA58F1400D20612 /* Frameworks */,
				6F49C29E1FA58F1400D20612 /* Resources */,
				41FE7CBAFC619D33B2661C4D /* [CP] Embed Pods Frameworks */,
				AC83B4DB726906E8BD7DCD8A /* [CP] Copy Pods Resources */,
			);
			buildRules = (
			);
			dependencies = (
			);
			name = shoppingIOS;
			productName = shoppingIOS;
			productReference = 6F49C2A01FA58F1400D20612 /* shoppingIOS.app */;
			productType = "com.apple.product-type.application";
		};
		6F49C2B31FA58F1400D20612 /* shoppingIOSTests */ = {
			isa = PBXNativeTarget;
			buildConfigurationList = 6F49C2CB1FA58F1500D20612 /* Build configuration list for PBXNativeTarget "shoppingIOSTests" */;
			buildPhases = (
				8D14E0241D3367E9EBB76A70 /* [CP] Check Pods Manifest.lock */,
				6F49C2B01FA58F1400D20612 /* Sources */,
				6F49C2B11FA58F1400D20612 /* Frameworks */,
				6F49C2B21FA58F1400D20612 /* Resources */,
				2B238C77668BDB561595EBD5 /* [CP] Embed Pods Frameworks */,
				07E2CE4F6C693288E58D787B /* [CP] Copy Pods Resources */,
			);
			buildRules = (
			);
			dependencies = (
				6F49C2B61FA58F1400D20612 /* PBXTargetDependency */,
			);
			name = shoppingIOSTests;
			productName = shoppingIOSTests;
			productReference = 6F49C2B41FA58F1400D20612 /* shoppingIOSTests.xctest */;
			productType = "com.apple.product-type.bundle.unit-test";
		};
		6F49C2BE1FA58F1400D20612 /* shoppingIOSUITests */ = {
			isa = PBXNativeTarget;
			buildConfigurationList = 6F49C2CE1FA58F1500D20612 /* Build configuration list for PBXNativeTarget "shoppingIOSUITests" */;
			buildPhases = (
				DD3D9ADBBA1A730CA5F16A09 /* [CP] Check Pods Manifest.lock */,
				6F49C2BB1FA58F1400D20612 /* Sources */,
				6F49C2BC1FA58F1400D20612 /* Frameworks */,
				6F49C2BD1FA58F1400D20612 /* Resources */,
				D39E70D62D40BCA43DC2E4F3 /* [CP] Embed Pods Frameworks */,
				F9542E2F077027C73CD8A7AC /* [CP] Copy Pods Resources */,
			);
			buildRules = (
			);
			dependencies = (
				6F49C2C11FA58F1400D20612 /* PBXTargetDependency */,
			);
			name = shoppingIOSUITests;
			productName = shoppingIOSUITests;
			productReference = 6F49C2BF1FA58F1400D20612 /* shoppingIOSUITests.xctest */;
			productType = "com.apple.product-type.bundle.ui-testing";
		};
/* End PBXNativeTarget section */

/* Begin PBXProject section */
		6F49C2981FA58F1400D20612 /* Project object */ = {
			isa = PBXProject;
			attributes = {
				LastSwiftUpdateCheck = 0900;
				LastUpgradeCheck = 0900;
				ORGANIZATIONNAME = Holy;
				TargetAttributes = {
					6F49C29F1FA58F1400D20612 = {
						CreatedOnToolsVersion = 9.0.1;
						ProvisioningStyle = Automatic;
					};
					6F49C2B31FA58F1400D20612 = {
						CreatedOnToolsVersion = 9.0.1;
						ProvisioningStyle = Automatic;
						TestTargetID = 6F49C29F1FA58F1400D20612;
					};
					6F49C2BE1FA58F1400D20612 = {
						CreatedOnToolsVersion = 9.0.1;
						ProvisioningStyle = Automatic;
						TestTargetID = 6F49C29F1FA58F1400D20612;
					};
				};
			};
			buildConfigurationList = 6F49C29B1FA58F1400D20612 /* Build configuration list for PBXProject "shoppingIOS" */;
			compatibilityVersion = "Xcode 8.0";
			developmentRegion = en;
			hasScannedForEncodings = 0;
			knownRegions = (
				en,
				Base,
			);
			mainGroup = 6F49C2971FA58F1400D20612;
			productRefGroup = 6F49C2A11FA58F1400D20612 /* Products */;
			projectDirPath = "";
			projectRoot = "";
			targets = (
				6F49C29F1FA58F1400D20612 /* shoppingIOS */,
				6F49C2B31FA58F1400D20612 /* shoppingIOSTests */,
				6F49C2BE1FA58F1400D20612 /* shoppingIOSUITests */,
			);
		};
/* End PBXProject section */

/* Begin PBXResourcesBuildPhase section */
		6F49C29E1FA58F1400D20612 /* Resources */ = {
			isa = PBXResourcesBuildPhase;
			buildActionMask = 2147483647;
			files = (
				6F1A35761FAFE3E6004CBBF3 /* FlavorRow.xib in Resources */,
				6F1A35421FAECCE3004CBBF3 /* Login.storyboard in Resources */,
				6F49C2AE1FA58F1400D20612 /* LaunchScreen.storyboard in Resources */,
				6F1A35511FAF0D19004CBBF3 /* RecipeCell.xib in Resources */,
				6F49C2AB1FA58F1400D20612 /* Assets.xcassets in Resources */,
				6F49C2A91FA58F1400D20612 /* Main.storyboard in Resources */,
				6F1A356D1FAF5A8D004CBBF3 /* ComboRow.xib in Resources */,
			);
			runOnlyForDeploymentPostprocessing = 0;
		};
		6F49C2B21FA58F1400D20612 /* Resources */ = {
			isa = PBXResourcesBuildPhase;
			buildActionMask = 2147483647;
			files = (
			);
			runOnlyForDeploymentPostprocessing = 0;
		};
		6F49C2BD1FA58F1400D20612 /* Resources */ = {
			isa = PBXResourcesBuildPhase;
			buildActionMask = 2147483647;
			files = (
			);
			runOnlyForDeploymentPostprocessing = 0;
		};
/* End PBXResourcesBuildPhase section */

/* Begin PBXShellScriptBuildPhase section */
		07E2CE4F6C693288E58D787B /* [CP] Copy Pods Resources */ = {
			isa = PBXShellScriptBuildPhase;
			buildActionMask = 2147483647;
			files = (
			);
			inputPaths = (
			);
			name = "[CP] Copy Pods Resources";
			outputPaths = (
			);
			runOnlyForDeploymentPostprocessing = 0;
			shellPath = /bin/sh;
			shellScript = "\"${SRCROOT}/Pods/Target Support Files/Pods-shoppingIOSTests/Pods-shoppingIOSTests-resources.sh\"\n";
			showEnvVarsInLog = 0;
		};
		0E6461483ACEC24855F62B2B /* [CP] Check Pods Manifest.lock */ = {
			isa = PBXShellScriptBuildPhase;
			buildActionMask = 2147483647;
			files = (
			);
			inputPaths = (
				"${PODS_PODFILE_DIR_PATH}/Podfile.lock",
				"${PODS_ROOT}/Manifest.lock",
			);
			name = "[CP] Check Pods Manifest.lock";
			outputPaths = (
				"$(DERIVED_FILE_DIR)/Pods-shoppingIOS-checkManifestLockResult.txt",
			);
			runOnlyForDeploymentPostprocessing = 0;
			shellPath = /bin/sh;
			shellScript = "diff \"${PODS_PODFILE_DIR_PATH}/Podfile.lock\" \"${PODS_ROOT}/Manifest.lock\" > /dev/null\nif [ $? != 0 ] ; then\n    # print error to STDERR\n    echo \"error: The sandbox is not in sync with the Podfile.lock. Run 'pod install' or update your CocoaPods installation.\" >&2\n    exit 1\nfi\n# This output is used by Xcode 'outputs' to avoid re-running this script phase.\necho \"SUCCESS\" > \"${SCRIPT_OUTPUT_FILE_0}\"\n";
			showEnvVarsInLog = 0;
		};
		2B238C77668BDB561595EBD5 /* [CP] Embed Pods Frameworks */ = {
			isa = PBXShellScriptBuildPhase;
			buildActionMask = 2147483647;
			files = (
			);
			inputPaths = (
			);
			name = "[CP] Embed Pods Frameworks";
			outputPaths = (
			);
			runOnlyForDeploymentPostprocessing = 0;
			shellPath = /bin/sh;
			shellScript = "\"${SRCROOT}/Pods/Target Support Files/Pods-shoppingIOSTests/Pods-shoppingIOSTests-frameworks.sh\"\n";
			showEnvVarsInLog = 0;
		};
		41FE7CBAFC619D33B2661C4D /* [CP] Embed Pods Frameworks */ = {
			isa = PBXShellScriptBuildPhase;
			buildActionMask = 2147483647;
			files = (
			);
			inputPaths = (
				"${SRCROOT}/Pods/Target Support Files/Pods-shoppingIOS/Pods-shoppingIOS-frameworks.sh",
				"${BUILT_PRODUCTS_DIR}/Alamofire/Alamofire.framework",
				"${BUILT_PRODUCTS_DIR}/ESPullToRefresh/ESPullToRefresh.framework",
				"${BUILT_PRODUCTS_DIR}/IQKeyboardManagerSwift/IQKeyboardManagerSwift.framework",
				"${BUILT_PRODUCTS_DIR}/Kingfisher/Kingfisher.framework",
				"${BUILT_PRODUCTS_DIR}/PKHUD/PKHUD.framework",
				"${BUILT_PRODUCTS_DIR}/PromiseKit/PromiseKit.framework",
				"${BUILT_PRODUCTS_DIR}/R.swift.Library/Rswift.framework",
			);
			name = "[CP] Embed Pods Frameworks";
			outputPaths = (
				"${TARGET_BUILD_DIR}/${FRAMEWORKS_FOLDER_PATH}/Alamofire.framework",
				"${TARGET_BUILD_DIR}/${FRAMEWORKS_FOLDER_PATH}/ESPullToRefresh.framework",
				"${TARGET_BUILD_DIR}/${FRAMEWORKS_FOLDER_PATH}/IQKeyboardManagerSwift.framework",
				"${TARGET_BUILD_DIR}/${FRAMEWORKS_FOLDER_PATH}/Kingfisher.framework",
				"${TARGET_BUILD_DIR}/${FRAMEWORKS_FOLDER_PATH}/PKHUD.framework",
				"${TARGET_BUILD_DIR}/${FRAMEWORKS_FOLDER_PATH}/PromiseKit.framework",
				"${TARGET_BUILD_DIR}/${FRAMEWORKS_FOLDER_PATH}/Rswift.framework",
			);
			runOnlyForDeploymentPostprocessing = 0;
			shellPath = /bin/sh;
			shellScript = "\"${SRCROOT}/Pods/Target Support Files/Pods-shoppingIOS/Pods-shoppingIOS-frameworks.sh\"\n";
			showEnvVarsInLog = 0;
		};
		6F1A35471FAEFC6E004CBBF3 /* ShellScript */ = {
			isa = PBXShellScriptBuildPhase;
			buildActionMask = 2147483647;
			files = (
			);
			inputPaths = (
			);
			outputPaths = (
			);
			runOnlyForDeploymentPostprocessing = 0;
			shellPath = /bin/sh;
			shellScript = "\"$PODS_ROOT/R.swift/rswift\" \"$SRCROOT\"";
		};
		8D14E0241D3367E9EBB76A70 /* [CP] Check Pods Manifest.lock */ = {
			isa = PBXShellScriptBuildPhase;
			buildActionMask = 2147483647;
			files = (
			);
			inputPaths = (
				"${PODS_PODFILE_DIR_PATH}/Podfile.lock",
				"${PODS_ROOT}/Manifest.lock",
			);
			name = "[CP] Check Pods Manifest.lock";
			outputPaths = (
				"$(DERIVED_FILE_DIR)/Pods-shoppingIOSTests-checkManifestLockResult.txt",
			);
			runOnlyForDeploymentPostprocessing = 0;
			shellPath = /bin/sh;
			shellScript = "diff \"${PODS_PODFILE_DIR_PATH}/Podfile.lock\" \"${PODS_ROOT}/Manifest.lock\" > /dev/null\nif [ $? != 0 ] ; then\n    # print error to STDERR\n    echo \"error: The sandbox is not in sync with the Podfile.lock. Run 'pod install' or update your CocoaPods installation.\" >&2\n    exit 1\nfi\n# This output is used by Xcode 'outputs' to avoid re-running this script phase.\necho \"SUCCESS\" > \"${SCRIPT_OUTPUT_FILE_0}\"\n";
			showEnvVarsInLog = 0;
		};
		AC83B4DB726906E8BD7DCD8A /* [CP] Copy Pods Resources */ = {
			isa = PBXShellScriptBuildPhase;
			buildActionMask = 2147483647;
			files = (
			);
			inputPaths = (
			);
			name = "[CP] Copy Pods Resources";
			outputPaths = (
			);
			runOnlyForDeploymentPostprocessing = 0;
			shellPath = /bin/sh;
			shellScript = "\"${SRCROOT}/Pods/Target Support Files/Pods-shoppingIOS/Pods-shoppingIOS-resources.sh\"\n";
			showEnvVarsInLog = 0;
		};
		D39E70D62D40BCA43DC2E4F3 /* [CP] Embed Pods Frameworks */ = {
			isa = PBXShellScriptBuildPhase;
			buildActionMask = 2147483647;
			files = (
			);
			inputPaths = (
			);
			name = "[CP] Embed Pods Frameworks";
			outputPaths = (
			);
			runOnlyForDeploymentPostprocessing = 0;
			shellPath = /bin/sh;
			shellScript = "\"${SRCROOT}/Pods/Target Support Files/Pods-shoppingIOSUITests/Pods-shoppingIOSUITests-frameworks.sh\"\n";
			showEnvVarsInLog = 0;
		};
		DD3D9ADBBA1A730CA5F16A09 /* [CP] Check Pods Manifest.lock */ = {
			isa = PBXShellScriptBuildPhase;
			buildActionMask = 2147483647;
			files = (
			);
			inputPaths = (
				"${PODS_PODFILE_DIR_PATH}/Podfile.lock",
				"${PODS_ROOT}/Manifest.lock",
			);
			name = "[CP] Check Pods Manifest.lock";
			outputPaths = (
				"$(DERIVED_FILE_DIR)/Pods-shoppingIOSUITests-checkManifestLockResult.txt",
			);
			runOnlyForDeploymentPostprocessing = 0;
			shellPath = /bin/sh;
			shellScript = "diff \"${PODS_PODFILE_DIR_PATH}/Podfile.lock\" \"${PODS_ROOT}/Manifest.lock\" > /dev/null\nif [ $? != 0 ] ; then\n    # print error to STDERR\n    echo \"error: The sandbox is not in sync with the Podfile.lock. Run 'pod install' or update your CocoaPods installation.\" >&2\n    exit 1\nfi\n# This output is used by Xcode 'outputs' to avoid re-running this script phase.\necho \"SUCCESS\" > \"${SCRIPT_OUTPUT_FILE_0}\"\n";
			showEnvVarsInLog = 0;
		};
		F9542E2F077027C73CD8A7AC /* [CP] Copy Pods Resources */ = {
			isa = PBXShellScriptBuildPhase;
			buildActionMask = 2147483647;
			files = (
			);
			inputPaths = (
			);
			name = "[CP] Copy Pods Resources";
			outputPaths = (
			);
			runOnlyForDeploymentPostprocessing = 0;
			shellPath = /bin/sh;
			shellScript = "\"${SRCROOT}/Pods/Target Support Files/Pods-shoppingIOSUITests/Pods-shoppingIOSUITests-resources.sh\"\n";
			showEnvVarsInLog = 0;
		};
/* End PBXShellScriptBuildPhase section */

/* Begin PBXSourcesBuildPhase section */
		6F49C29C1FA58F1400D20612 /* Sources */ = {
			isa = PBXSourcesBuildPhase;
			buildActionMask = 2147483647;
			files = (
				6F1A357A1FAFE4F0004CBBF3 /* FlavorRowViewModel.swift in Sources */,
				6F1A35611FAF2DA2004CBBF3 /* RecipeDetailController.swift in Sources */,
				6F1A355C1FAF1A18004CBBF3 /* Mocks.swift in Sources */,
				6F1A35551FAF0D45004CBBF3 /* RecipeCellViewModel.swift in Sources */,
				6F1A35661FAF447B004CBBF3 /* SelectableButton.swift in Sources */,
				6F1A357C1FB01395004CBBF3 /* ShoppingHUD.swift in Sources */,
				6F1A35731FAF6911004CBBF3 /* UIView+AutoLayout.swift in Sources */,
				6F1A35641FAF432A004CBBF3 /* Storyboard+UIKit.swift in Sources */,
				6F25F6D01FC173E500205ED8 /* PageableListController.swift in Sources */,
				6F1A355A1FAF1366004CBBF3 /* UIImageView+WebImage.swift in Sources */,
				6F25F6D31FC1962200205ED8 /* MoreTestController.swift in Sources */,
				6F1A356F1FAF5ACF004CBBF3 /* NibBaseView.swift in Sources */,
				6F1A35781FAFE4D1004CBBF3 /* FlavorRow.swift in Sources */,
				6F1A35461FAECD34004CBBF3 /* LoginViewModel.swift in Sources */,
				6F1A35441FAECD1B004CBBF3 /* LoginViewController.swift in Sources */,
				6F1A355F1FAF2D8E004CBBF3 /* RecipeDetailViewModel.swift in Sources */,
				6F1A356B1FAF50AF004CBBF3 /* ComboRow.swift in Sources */,
				6F1A354E1FAF04C4004CBBF3 /* RecipeListViewModel.swift in Sources */,
				6F1A35531FAF0D33004CBBF3 /* RecipeCell.swift in Sources */,
				6F1A354B1FAEFE87004CBBF3 /* R.generated.swift in Sources */,
				6F1A35571FAF11BB004CBBF3 /* Recipe.swift in Sources */,
				6F49C2A61FA58F1400D20612 /* RecipeListController.swift in Sources */,
				6F25F6CE1FC165F200205ED8 /* RecipeAPI.swift in Sources */,
				6F49C2A41FA58F1400D20612 /* AppDelegate.swift in Sources */,
				6F25F6CC1FC165D800205ED8 /* APIClient.swift in Sources */,
				6F1A35711FAF5CA8004CBBF3 /* ComboRowViewModel.swift in Sources */,
			);
			runOnlyForDeploymentPostprocessing = 0;
		};
		6F49C2B01FA58F1400D20612 /* Sources */ = {
			isa = PBXSourcesBuildPhase;
			buildActionMask = 2147483647;
			files = (
				6F49C2B91FA58F1400D20612 /* shoppingIOSTests.swift in Sources */,
			);
			runOnlyForDeploymentPostprocessing = 0;
		};
		6F49C2BB1FA58F1400D20612 /* Sources */ = {
			isa = PBXSourcesBuildPhase;
			buildActionMask = 2147483647;
			files = (
				6F49C2C41FA58F1400D20612 /* shoppingIOSUITests.swift in Sources */,
			);
			runOnlyForDeploymentPostprocessing = 0;
		};
/* End PBXSourcesBuildPhase section */

/* Begin PBXTargetDependency section */
		6F49C2B61FA58F1400D20612 /* PBXTargetDependency */ = {
			isa = PBXTargetDependency;
			target = 6F49C29F1FA58F1400D20612 /* shoppingIOS */;
			targetProxy = 6F49C2B51FA58F1400D20612 /* PBXContainerItemProxy */;
		};
		6F49C2C11FA58F1400D20612 /* PBXTargetDependency */ = {
			isa = PBXTargetDependency;
			target = 6F49C29F1FA58F1400D20612 /* shoppingIOS */;
			targetProxy = 6F49C2C01FA58F1400D20612 /* PBXContainerItemProxy */;
		};
/* End PBXTargetDependency section */

/* Begin PBXVariantGroup section */
		6F49C2A71FA58F1400D20612 /* Main.storyboard */ = {
			isa = PBXVariantGroup;
			children = (
				6F49C2A81FA58F1400D20612 /* Base */,
			);
			name = Main.storyboard;
			sourceTree = "<group>";
		};
		6F49C2AC1FA58F1400D20612 /* LaunchScreen.storyboard */ = {
			isa = PBXVariantGroup;
			children = (
				6F49C2AD1FA58F1400D20612 /* Base */,
			);
			name = LaunchScreen.storyboard;
			sourceTree = "<group>";
		};
/* End PBXVariantGroup section */

/* Begin XCBuildConfiguration section */
		6F49C2C61FA58F1500D20612 /* Debug */ = {
			isa = XCBuildConfiguration;
			buildSettings = {
				ALWAYS_SEARCH_USER_PATHS = NO;
				CLANG_ANALYZER_NONNULL = YES;
				CLANG_ANALYZER_NUMBER_OBJECT_CONVERSION = YES_AGGRESSIVE;
				CLANG_CXX_LANGUAGE_STANDARD = "gnu++14";
				CLANG_CXX_LIBRARY = "libc++";
				CLANG_ENABLE_MODULES = YES;
				CLANG_ENABLE_OBJC_ARC = YES;
				CLANG_WARN_BLOCK_CAPTURE_AUTORELEASING = YES;
				CLANG_WARN_BOOL_CONVERSION = YES;
				CLANG_WARN_COMMA = YES;
				CLANG_WARN_CONSTANT_CONVERSION = YES;
				CLANG_WARN_DIRECT_OBJC_ISA_USAGE = YES_ERROR;
				CLANG_WARN_DOCUMENTATION_COMMENTS = YES;
				CLANG_WARN_EMPTY_BODY = YES;
				CLANG_WARN_ENUM_CONVERSION = YES;
				CLANG_WARN_INFINITE_RECURSION = YES;
				CLANG_WARN_INT_CONVERSION = YES;
				CLANG_WARN_NON_LITERAL_NULL_CONVERSION = YES;
				CLANG_WARN_OBJC_LITERAL_CONVERSION = YES;
				CLANG_WARN_OBJC_ROOT_CLASS = YES_ERROR;
				CLANG_WARN_RANGE_LOOP_ANALYSIS = YES;
				CLANG_WARN_STRICT_PROTOTYPES = YES;
				CLANG_WARN_SUSPICIOUS_MOVE = YES;
				CLANG_WARN_UNGUARDED_AVAILABILITY = YES_AGGRESSIVE;
				CLANG_WARN_UNREACHABLE_CODE = YES;
				CLANG_WARN__DUPLICATE_METHOD_MATCH = YES;
				CODE_SIGN_IDENTITY = "iPhone Developer";
				COPY_PHASE_STRIP = NO;
				DEBUG_INFORMATION_FORMAT = dwarf;
				ENABLE_STRICT_OBJC_MSGSEND = YES;
				ENABLE_TESTABILITY = YES;
				GCC_C_LANGUAGE_STANDARD = gnu11;
				GCC_DYNAMIC_NO_PIC = NO;
				GCC_NO_COMMON_BLOCKS = YES;
				GCC_OPTIMIZATION_LEVEL = 0;
				GCC_PREPROCESSOR_DEFINITIONS = (
					"DEBUG=1",
					"$(inherited)",
				);
				GCC_WARN_64_TO_32_BIT_CONVERSION = YES;
				GCC_WARN_ABOUT_RETURN_TYPE = YES_ERROR;
				GCC_WARN_UNDECLARED_SELECTOR = YES;
				GCC_WARN_UNINITIALIZED_AUTOS = YES_AGGRESSIVE;
				GCC_WARN_UNUSED_FUNCTION = YES;
				GCC_WARN_UNUSED_VARIABLE = YES;
				IPHONEOS_DEPLOYMENT_TARGET = 11.0;
				MTL_ENABLE_DEBUG_INFO = YES;
				ONLY_ACTIVE_ARCH = YES;
				SDKROOT = iphoneos;
				SWIFT_ACTIVE_COMPILATION_CONDITIONS = DEBUG;
				SWIFT_OPTIMIZATION_LEVEL = "-Onone";
			};
			name = Debug;
		};
		6F49C2C71FA58F1500D20612 /* Release */ = {
			isa = XCBuildConfiguration;
			buildSettings = {
				ALWAYS_SEARCH_USER_PATHS = NO;
				CLANG_ANALYZER_NONNULL = YES;
				CLANG_ANALYZER_NUMBER_OBJECT_CONVERSION = YES_AGGRESSIVE;
				CLANG_CXX_LANGUAGE_STANDARD = "gnu++14";
				CLANG_CXX_LIBRARY = "libc++";
				CLANG_ENABLE_MODULES = YES;
				CLANG_ENABLE_OBJC_ARC = YES;
				CLANG_WARN_BLOCK_CAPTURE_AUTORELEASING = YES;
				CLANG_WARN_BOOL_CONVERSION = YES;
				CLANG_WARN_COMMA = YES;
				CLANG_WARN_CONSTANT_CONVERSION = YES;
				CLANG_WARN_DIRECT_OBJC_ISA_USAGE = YES_ERROR;
				CLANG_WARN_DOCUMENTATION_COMMENTS = YES;
				CLANG_WARN_EMPTY_BODY = YES;
				CLANG_WARN_ENUM_CONVERSION = YES;
				CLANG_WARN_INFINITE_RECURSION = YES;
				CLANG_WARN_INT_CONVERSION = YES;
				CLANG_WARN_NON_LITERAL_NULL_CONVERSION = YES;
				CLANG_WARN_OBJC_LITERAL_CONVERSION = YES;
				CLANG_WARN_OBJC_ROOT_CLASS = YES_ERROR;
				CLANG_WARN_RANGE_LOOP_ANALYSIS = YES;
				CLANG_WARN_STRICT_PROTOTYPES = YES;
				CLANG_WARN_SUSPICIOUS_MOVE = YES;
				CLANG_WARN_UNGUARDED_AVAILABILITY = YES_AGGRESSIVE;
				CLANG_WARN_UNREACHABLE_CODE = YES;
				CLANG_WARN__DUPLICATE_METHOD_MATCH = YES;
				CODE_SIGN_IDENTITY = "iPhone Developer";
				COPY_PHASE_STRIP = NO;
				DEBUG_INFORMATION_FORMAT = "dwarf-with-dsym";
				ENABLE_NS_ASSERTIONS = NO;
				ENABLE_STRICT_OBJC_MSGSEND = YES;
				GCC_C_LANGUAGE_STANDARD = gnu11;
				GCC_NO_COMMON_BLOCKS = YES;
				GCC_WARN_64_TO_32_BIT_CONVERSION = YES;
				GCC_WARN_ABOUT_RETURN_TYPE = YES_ERROR;
				GCC_WARN_UNDECLARED_SELECTOR = YES;
				GCC_WARN_UNINITIALIZED_AUTOS = YES_AGGRESSIVE;
				GCC_WARN_UNUSED_FUNCTION = YES;
				GCC_WARN_UNUSED_VARIABLE = YES;
				IPHONEOS_DEPLOYMENT_TARGET = 11.0;
				MTL_ENABLE_DEBUG_INFO = NO;
				SDKROOT = iphoneos;
				SWIFT_OPTIMIZATION_LEVEL = "-Owholemodule";
				VALIDATE_PRODUCT = YES;
			};
			name = Release;
		};
		6F49C2C91FA58F1500D20612 /* Debug */ = {
			isa = XCBuildConfiguration;
			baseConfigurationReference = 0D4D1E9D8FAA0500C5B71428 /* Pods-shoppingIOS.debug.xcconfig */;
			buildSettings = {
				ASSETCATALOG_COMPILER_APPICON_NAME = AppIcon;
				CODE_SIGN_STYLE = Automatic;
				INFOPLIST_FILE = shoppingIOS/Info.plist;
				LD_RUNPATH_SEARCH_PATHS = "$(inherited) @executable_path/Frameworks";
				PRODUCT_BUNDLE_IDENTIFIER = com.holy.shoppingIOS;
				PRODUCT_NAME = "$(TARGET_NAME)";
				SWIFT_VERSION = 4.0;
				TARGETED_DEVICE_FAMILY = 1;
			};
			name = Debug;
		};
		6F49C2CA1FA58F1500D20612 /* Release */ = {
			isa = XCBuildConfiguration;
			baseConfigurationReference = 0CFBA233752169EFDACDBB36 /* Pods-shoppingIOS.release.xcconfig */;
			buildSettings = {
				ASSETCATALOG_COMPILER_APPICON_NAME = AppIcon;
				CODE_SIGN_STYLE = Automatic;
				INFOPLIST_FILE = shoppingIOS/Info.plist;
				LD_RUNPATH_SEARCH_PATHS = "$(inherited) @executable_path/Frameworks";
				PRODUCT_BUNDLE_IDENTIFIER = com.holy.shoppingIOS;
				PRODUCT_NAME = "$(TARGET_NAME)";
				SWIFT_VERSION = 4.0;
				TARGETED_DEVICE_FAMILY = 1;
			};
			name = Release;
		};
		6F49C2CC1FA58F1500D20612 /* Debug */ = {
			isa = XCBuildConfiguration;
			baseConfigurationReference = B7291CC1D4D88C67416470CB /* Pods-shoppingIOSTests.debug.xcconfig */;
			buildSettings = {
				ALWAYS_EMBED_SWIFT_STANDARD_LIBRARIES = YES;
				BUNDLE_LOADER = "$(TEST_HOST)";
				CODE_SIGN_STYLE = Automatic;
				INFOPLIST_FILE = shoppingIOSTests/Info.plist;
				LD_RUNPATH_SEARCH_PATHS = "$(inherited) @executable_path/Frameworks @loader_path/Frameworks";
				PRODUCT_BUNDLE_IDENTIFIER = com.holy.shoppingIOSTests;
				PRODUCT_NAME = "$(TARGET_NAME)";
				SWIFT_VERSION = 4.0;
				TARGETED_DEVICE_FAMILY = "1,2";
				TEST_HOST = "$(BUILT_PRODUCTS_DIR)/shoppingIOS.app/shoppingIOS";
			};
			name = Debug;
		};
		6F49C2CD1FA58F1500D20612 /* Release */ = {
			isa = XCBuildConfiguration;
			baseConfigurationReference = 5A3248675162708F1E408CCB /* Pods-shoppingIOSTests.release.xcconfig */;
			buildSettings = {
				ALWAYS_EMBED_SWIFT_STANDARD_LIBRARIES = YES;
				BUNDLE_LOADER = "$(TEST_HOST)";
				CODE_SIGN_STYLE = Automatic;
				INFOPLIST_FILE = shoppingIOSTests/Info.plist;
				LD_RUNPATH_SEARCH_PATHS = "$(inherited) @executable_path/Frameworks @loader_path/Frameworks";
				PRODUCT_BUNDLE_IDENTIFIER = com.holy.shoppingIOSTests;
				PRODUCT_NAME = "$(TARGET_NAME)";
				SWIFT_VERSION = 4.0;
				TARGETED_DEVICE_FAMILY = "1,2";
				TEST_HOST = "$(BUILT_PRODUCTS_DIR)/shoppingIOS.app/shoppingIOS";
			};
			name = Release;
		};
		6F49C2CF1FA58F1500D20612 /* Debug */ = {
			isa = XCBuildConfiguration;
			baseConfigurationReference = CB5CFDCDCBEE87322B1172B6 /* Pods-shoppingIOSUITests.debug.xcconfig */;
			buildSettings = {
				ALWAYS_EMBED_SWIFT_STANDARD_LIBRARIES = YES;
				CODE_SIGN_STYLE = Automatic;
				INFOPLIST_FILE = shoppingIOSUITests/Info.plist;
				LD_RUNPATH_SEARCH_PATHS = "$(inherited) @executable_path/Frameworks @loader_path/Frameworks";
				PRODUCT_BUNDLE_IDENTIFIER = com.holy.shoppingIOSUITests;
				PRODUCT_NAME = "$(TARGET_NAME)";
				SWIFT_VERSION = 4.0;
				TARGETED_DEVICE_FAMILY = "1,2";
				TEST_TARGET_NAME = shoppingIOS;
			};
			name = Debug;
		};
		6F49C2D01FA58F1500D20612 /* Release */ = {
			isa = XCBuildConfiguration;
			baseConfigurationReference = F940E0B860944C4500914784 /* Pods-shoppingIOSUITests.release.xcconfig */;
			buildSettings = {
				ALWAYS_EMBED_SWIFT_STANDARD_LIBRARIES = YES;
				CODE_SIGN_STYLE = Automatic;
				INFOPLIST_FILE = shoppingIOSUITests/Info.plist;
				LD_RUNPATH_SEARCH_PATHS = "$(inherited) @executable_path/Frameworks @loader_path/Frameworks";
				PRODUCT_BUNDLE_IDENTIFIER = com.holy.shoppingIOSUITests;
				PRODUCT_NAME = "$(TARGET_NAME)";
				SWIFT_VERSION = 4.0;
				TARGETED_DEVICE_FAMILY = "1,2";
				TEST_TARGET_NAME = shoppingIOS;
			};
			name = Release;
		};
/* End XCBuildConfiguration section */

/* Begin XCConfigurationList section */
		6F49C29B1FA58F1400D20612 /* Build configuration list for PBXProject "shoppingIOS" */ = {
			isa = XCConfigurationList;
			buildConfigurations = (
				6F49C2C61FA58F1500D20612 /* Debug */,
				6F49C2C71FA58F1500D20612 /* Release */,
			);
			defaultConfigurationIsVisible = 0;
			defaultConfigurationName = Release;
		};
		6F49C2C81FA58F1500D20612 /* Build configuration list for PBXNativeTarget "shoppingIOS" */ = {
			isa = XCConfigurationList;
			buildConfigurations = (
				6F49C2C91FA58F1500D20612 /* Debug */,
				6F49C2CA1FA58F1500D20612 /* Release */,
			);
			defaultConfigurationIsVisible = 0;
			defaultConfigurationName = Release;
		};
		6F49C2CB1FA58F1500D20612 /* Build configuration list for PBXNativeTarget "shoppingIOSTests" */ = {
			isa = XCConfigurationList;
			buildConfigurations = (
				6F49C2CC1FA58F1500D20612 /* Debug */,
				6F49C2CD1FA58F1500D20612 /* Release */,
			);
			defaultConfigurationIsVisible = 0;
			defaultConfigurationName = Release;
		};
		6F49C2CE1FA58F1500D20612 /* Build configuration list for PBXNativeTarget "shoppingIOSUITests" */ = {
			isa = XCConfigurationList;
			buildConfigurations = (
				6F49C2CF1FA58F1500D20612 /* Debug */,
				6F49C2D01FA58F1500D20612 /* Release */,
			);
			defaultConfigurationIsVisible = 0;
			defaultConfigurationName = Release;
		};
/* End XCConfigurationList section */
	};
	rootObject = 6F49C2981FA58F1400D20612 /* Project object */;
}
