// !$*UTF8*$!
{
	archiveVersion = 1;
	classes = {
	};
	objectVersion = 48;
	objects = {

/* Begin PBXBuildFile section */
		6F49C2A41FA58F1400D20612 /* AppDelegate.swift in Sources */ = {isa = PBXBuildFile; fileRef = 6F49C2A31FA58F1400D20612 /* AppDelegate.swift */; };
		6F49C2A61FA58F1400D20612 /* ViewController.swift in Sources */ = {isa = PBXBuildFile; fileRef = 6F49C2A51FA58F1400D20612 /* ViewController.swift */; };
		6F49C2A91FA58F1400D20612 /* Main.storyboard in Resources */ = {isa = PBXBuildFile; fileRef = 6F49C2A71FA58F1400D20612 /* Main.storyboard */; };
		6F49C2AB1FA58F1400D20612 /* Assets.xcassets in Resources */ = {isa = PBXBuildFile; fileRef = 6F49C2AA1FA58F1400D20612 /* Assets.xcassets */; };
		6F49C2AE1FA58F1400D20612 /* LaunchScreen.storyboard in Resources */ = {isa = PBXBuildFile; fileRef = 6F49C2AC1FA58F1400D20612 /* LaunchScreen.storyboard */; };
		6F49C2B91FA58F1400D20612 /* shoppingIOSTests.swift in Sources */ = {isa = PBXBuildFile; fileRef = 6F49C2B81FA58F1400D20612 /* shoppingIOSTests.swift */; };
		6F49C2C41FA58F1400D20612 /* shoppingIOSUITests.swift in Sources */ = {isa = PBXBuildFile; fileRef = 6F49C2C31FA58F1400D20612 /* shoppingIOSUITests.swift */; };
/* End PBXBuildFile section */

/* Begin PBXContainerItemProxy section */
		6F49C2B51FA58F1400D20612 /* PBXContainerItemProxy */ = {
			isa = PBXContainerItemProxy;
			containerPortal = 6F49C2981FA58F1400D20612 /* Project object */;
			proxyType = 1;
			remoteGlobalIDString = 6F49C29F1FA58F1400D20612;
			remoteInfo = shoppingIOS;
		};
		6F49C2C01FA58F1400D20612 /* PBXContainerItemProxy */ = {
			isa = PBXContainerItemProxy;
			containerPortal = 6F49C2981FA58F1400D20612 /* Project object */;
			proxyType = 1;
			remoteGlobalIDString = 6F49C29F1FA58F1400D20612;
			remoteInfo = shoppingIOS;
		};
/* End PBXContainerItemProxy section */

/* Begin PBXFileReference section */
		6F49C2A01FA58F1400D20612 /* shoppingIOS.app */ = {isa = PBXFileReference; explicitFileType = wrapper.application; includeInIndex = 0; path = shoppingIOS.app; sourceTree = BUILT_PRODUCTS_DIR; };
		6F49C2A31FA58F1400D20612 /* AppDelegate.swift */ = {isa = PBXFileReference; lastKnownFileType = sourcecode.swift; path = AppDelegate.swift; sourceTree = "<group>"; };
		6F49C2A51FA58F1400D20612 /* ViewController.swift */ = {isa = PBXFileReference; lastKnownFileType = sourcecode.swift; path = ViewController.swift; sourceTree = "<group>"; };
		6F49C2A81FA58F1400D20612 /* Base */ = {isa = PBXFileReference; lastKnownFileType = file.storyboard; name = Base; path = Base.lproj/Main.storyboard; sourceTree = "<group>"; };
		6F49C2AA1FA58F1400D20612 /* Assets.xcassets */ = {isa = PBXFileReference; lastKnownFileType = folder.assetcatalog; path = Assets.xcassets; sourceTree = "<group>"; };
		6F49C2AD1FA58F1400D20612 /* Base */ = {isa = PBXFileReference; lastKnownFileType = file.storyboard; name = Base; path = Base.lproj/LaunchScreen.storyboard; sourceTree = "<group>"; };
		6F49C2AF1FA58F1400D20612 /* Info.plist */ = {isa = PBXFileReference; lastKnownFileType = text.plist.xml; path = Info.plist; sourceTree = "<group>"; };
		6F49C2B41FA58F1400D20612 /* shoppingIOSTests.xctest */ = {isa = PBXFileReference; explicitFileType = wrapper.cfbundle; includeInIndex = 0; path = shoppingIOSTests.xctest; sourceTree = BUILT_PRODUCTS_DIR; };
		6F49C2B81FA58F1400D20612 /* shoppingIOSTests.swift */ = {isa = PBXFileReference; lastKnownFileType = sourcecode.swift; path = shoppingIOSTests.swift; sourceTree = "<group>"; };
		6F49C2BA1FA58F1400D20612 /* Info.plist */ = {isa = PBXFileReference; lastKnownFileType = text.plist.xml; path = Info.plist; sourceTree = "<group>"; };
		6F49C2BF1FA58F1400D20612 /* shoppingIOSUITests.xctest */ = {isa = PBXFileReference; explicitFileType = wrapper.cfbundle; includeInIndex = 0; path = shoppingIOSUITests.xctest; sourceTree = BUILT_PRODUCTS_DIR; };
		6F49C2C31FA58F1400D20612 /* shoppingIOSUITests.swift */ = {isa = PBXFileReference; lastKnownFileType = sourcecode.swift; path = shoppingIOSUITests.swift; sourceTree = "<group>"; };
		6F49C2C51FA58F1400D20612 /* Info.plist */ = {isa = PBXFileReference; lastKnownFileType = text.plist.xml; path = Info.plist; sourceTree = "<group>"; };
/* End PBXFileReference section */

/* Begin PBXFrameworksBuildPhase section */
		6F49C29D1FA58F1400D20612 /* Frameworks */ = {
			isa = PBXFrameworksBuildPhase;
			buildActionMask = 2147483647;
			files = (
			);
			runOnlyForDeploymentPostprocessing = 0;
		};
		6F49C2B11FA58F1400D20612 /* Frameworks */ = {
			isa = PBXFrameworksBuildPhase;
			buildActionMask = 2147483647;
			files = (
			);
			runOnlyForDeploymentPostprocessing = 0;
		};
		6F49C2BC1FA58F1400D20612 /* Frameworks */ = {
			isa = PBXFrameworksBuildPhase;
			buildActionMask = 2147483647;
			files = (
			);
			runOnlyForDeploymentPostprocessing = 0;
		};
/* End PBXFrameworksBuildPhase section */

/* Begin PBXGroup section */
		6F49C2971FA58F1400D20612 = {
			isa = PBXGroup;
			children = (
				6F49C2A21FA58F1400D20612 /* shoppingIOS */,
				6F49C2B71FA58F1400D20612 /* shoppingIOSTests */,
				6F49C2C21FA58F1400D20612 /* shoppingIOSUITests */,
				6F49C2A11FA58F1400D20612 /* Products */,
			);
			sourceTree = "<group>";
		};
		6F49C2A11FA58F1400D20612 /* Products */ = {
			isa = PBXGroup;
			children = (
				6F49C2A01FA58F1400D20612 /* shoppingIOS.app */,
				6F49C2B41FA58F1400D20612 /* shoppingIOSTests.xctest */,
				6F49C2BF1FA58F1400D20612 /* shoppingIOSUITests.xctest */,
			);
			name = Products;
			sourceTree = "<group>";
		};
		6F49C2A21FA58F1400D20612 /* shoppingIOS */ = {
			isa = PBXGroup;
			children = (
				6F49C2A31FA58F1400D20612 /* AppDelegate.swift */,
				6F49C2A51FA58F1400D20612 /* ViewController.swift */,
				6F49C2A71FA58F1400D20612 /* Main.storyboard */,
				6F49C2AA1FA58F1400D20612 /* Assets.xcassets */,
				6F49C2AC1FA58F1400D20612 /* LaunchScreen.storyboard */,
				6F49C2AF1FA58F1400D20612 /* Info.plist */,
			);
			path = shoppingIOS;
			sourceTree = "<group>";
		};
		6F49C2B71FA58F1400D20612 /* shoppingIOSTests */ = {
			isa = PBXGroup;
			children = (
				6F49C2B81FA58F1400D20612 /* shoppingIOSTests.swift */,
				6F49C2BA1FA58F1400D20612 /* Info.plist */,
			);
			path = shoppingIOSTests;
			sourceTree = "<group>";
		};
		6F49C2C21FA58F1400D20612 /* shoppingIOSUITests */ = {
			isa = PBXGroup;
			children = (
				6F49C2C31FA58F1400D20612 /* shoppingIOSUITests.swift */,
				6F49C2C51FA58F1400D20612 /* Info.plist */,
			);
			path = shoppingIOSUITests;
			sourceTree = "<group>";
		};
/* End PBXGroup section */

/* Begin PBXNativeTarget section */
		6F49C29F1FA58F1400D20612 /* shoppingIOS */ = {
			isa = PBXNativeTarget;
			buildConfigurationList = 6F49C2C81FA58F1500D20612 /* Build configuration list for PBXNativeTarget "shoppingIOS" */;
			buildPhases = (
				6F49C29C1FA58F1400D20612 /* Sources */,
				6F49C29D1FA58F1400D20612 /* Frameworks */,
				6F49C29E1FA58F1400D20612 /* Resources */,
			);
			buildRules = (
			);
			dependencies = (
			);
			name = shoppingIOS;
			productName = shoppingIOS;
			productReference = 6F49C2A01FA58F1400D20612 /* shoppingIOS.app */;
			productType = "com.apple.product-type.application";
		};
		6F49C2B31FA58F1400D20612 /* shoppingIOSTests */ = {
			isa = PBXNativeTarget;
			buildConfigurationList = 6F49C2CB1FA58F1500D20612 /* Build configuration list for PBXNativeTarget "shoppingIOSTests" */;
			buildPhases = (
				6F49C2B01FA58F1400D20612 /* Sources */,
				6F49C2B11FA58F1400D20612 /* Frameworks */,
				6F49C2B21FA58F1400D20612 /* Resources */,
			);
			buildRules = (
			);
			dependencies = (
				6F49C2B61FA58F1400D20612 /* PBXTargetDependency */,
			);
			name = shoppingIOSTests;
			productName = shoppingIOSTests;
			productReference = 6F49C2B41FA58F1400D20612 /* shoppingIOSTests.xctest */;
			productType = "com.apple.product-type.bundle.unit-test";
		};
		6F49C2BE1FA58F1400D20612 /* shoppingIOSUITests */ = {
			isa = PBXNativeTarget;
			buildConfigurationList = 6F49C2CE1FA58F1500D20612 /* Build configuration list for PBXNativeTarget "shoppingIOSUITests" */;
			buildPhases = (
				6F49C2BB1FA58F1400D20612 /* Sources */,
				6F49C2BC1FA58F1400D20612 /* Frameworks */,
				6F49C2BD1FA58F1400D20612 /* Resources */,
			);
			buildRules = (
			);
			dependencies = (
				6F49C2C11FA58F1400D20612 /* PBXTargetDependency */,
			);
			name = shoppingIOSUITests;
			productName = shoppingIOSUITests;
			productReference = 6F49C2BF1FA58F1400D20612 /* shoppingIOSUITests.xctest */;
			productType = "com.apple.product-type.bundle.ui-testing";
		};
/* End PBXNativeTarget section */

/* Begin PBXProject section */
		6F49C2981FA58F1400D20612 /* Project object */ = {
			isa = PBXProject;
			attributes = {
				LastSwiftUpdateCheck = 0900;
				LastUpgradeCheck = 0900;
				ORGANIZATIONNAME = Holy;
				TargetAttributes = {
					6F49C29F1FA58F1400D20612 = {
						CreatedOnToolsVersion = 9.0.1;
						ProvisioningStyle = Automatic;
					};
					6F49C2B31FA58F1400D20612 = {
						CreatedOnToolsVersion = 9.0.1;
						ProvisioningStyle = Automatic;
						TestTargetID = 6F49C29F1FA58F1400D20612;
					};
					6F49C2BE1FA58F1400D20612 = {
						CreatedOnToolsVersion = 9.0.1;
						ProvisioningStyle = Automatic;
						TestTargetID = 6F49C29F1FA58F1400D20612;
					};
				};
			};
			buildConfigurationList = 6F49C29B1FA58F1400D20612 /* Build configuration list for PBXProject "shoppingIOS" */;
			compatibilityVersion = "Xcode 8.0";
			developmentRegion = en;
			hasScannedForEncodings = 0;
			knownRegions = (
				en,
				Base,
			);
			mainGroup = 6F49C2971FA58F1400D20612;
			productRefGroup = 6F49C2A11FA58F1400D20612 /* Products */;
			projectDirPath = "";
			projectRoot = "";
			targets = (
				6F49C29F1FA58F1400D20612 /* shoppingIOS */,
				6F49C2B31FA58F1400D20612 /* shoppingIOSTests */,
				6F49C2BE1FA58F1400D20612 /* shoppingIOSUITests */,
			);
		};
/* End PBXProject section */

/* Begin PBXResourcesBuildPhase section */
		6F49C29E1FA58F1400D20612 /* Resources */ = {
			isa = PBXResourcesBuildPhase;
			buildActionMask = 2147483647;
			files = (
				6F49C2AE1FA58F1400D20612 /* LaunchScreen.storyboard in Resources */,
				6F49C2AB1FA58F1400D20612 /* Assets.xcassets in Resources */,
				6F49C2A91FA58F1400D20612 /* Main.storyboard in Resources */,
			);
			runOnlyForDeploymentPostprocessing = 0;
		};
		6F49C2B21FA58F1400D20612 /* Resources */ = {
			isa = PBXResourcesBuildPhase;
			buildActionMask = 2147483647;
			files = (
			);
			runOnlyForDeploymentPostprocessing = 0;
		};
		6F49C2BD1FA58F1400D20612 /* Resources */ = {
			isa = PBXResourcesBuildPhase;
			buildActionMask = 2147483647;
			files = (
			);
			runOnlyForDeploymentPostprocessing = 0;
		};
/* End PBXResourcesBuildPhase section */

/* Begin PBXSourcesBuildPhase section */
		6F49C29C1FA58F1400D20612 /* Sources */ = {
			isa = PBXSourcesBuildPhase;
			buildActionMask = 2147483647;
			files = (
				6F49C2A61FA58F1400D20612 /* ViewController.swift in Sources */,
				6F49C2A41FA58F1400D20612 /* AppDelegate.swift in Sources */,
			);
			runOnlyForDeploymentPostprocessing = 0;
		};
		6F49C2B01FA58F1400D20612 /* Sources */ = {
			isa = PBXSourcesBuildPhase;
			buildActionMask = 2147483647;
			files = (
				6F49C2B91FA58F1400D20612 /* shoppingIOSTests.swift in Sources */,
			);
			runOnlyForDeploymentPostprocessing = 0;
		};
		6F49C2BB1FA58F1400D20612 /* Sources */ = {
			isa = PBXSourcesBuildPhase;
			buildActionMask = 2147483647;
			files = (
				6F49C2C41FA58F1400D20612 /* shoppingIOSUITests.swift in Sources */,
			);
			runOnlyForDeploymentPostprocessing = 0;
		};
/* End PBXSourcesBuildPhase section */

/* Begin PBXTargetDependency section */
		6F49C2B61FA58F1400D20612 /* PBXTargetDependency */ = {
			isa = PBXTargetDependency;
			target = 6F49C29F1FA58F1400D20612 /* shoppingIOS */;
			targetProxy = 6F49C2B51FA58F1400D20612 /* PBXContainerItemProxy */;
		};
		6F49C2C11FA58F1400D20612 /* PBXTargetDependency */ = {
			isa = PBXTargetDependency;
			target = 6F49C29F1FA58F1400D20612 /* shoppingIOS */;
			targetProxy = 6F49C2C01FA58F1400D20612 /* PBXContainerItemProxy */;
		};
/* End PBXTargetDependency section */

/* Begin PBXVariantGroup section */
		6F49C2A71FA58F1400D20612 /* Main.storyboard */ = {
			isa = PBXVariantGroup;
			children = (
				6F49C2A81FA58F1400D20612 /* Base */,
			);
			name = Main.storyboard;
			sourceTree = "<group>";
		};
		6F49C2AC1FA58F1400D20612 /* LaunchScreen.storyboard */ = {
			isa = PBXVariantGroup;
			children = (
				6F49C2AD1FA58F1400D20612 /* Base */,
			);
			name = LaunchScreen.storyboard;
			sourceTree = "<group>";
		};
/* End PBXVariantGroup section */

/* Begin XCBuildConfiguration section */
		6F49C2C61FA58F1500D20612 /* Debug */ = {
			isa = XCBuildConfiguration;
			buildSettings = {
				ALWAYS_SEARCH_USER_PATHS = NO;
				CLANG_ANALYZER_NONNULL = YES;
				CLANG_ANALYZER_NUMBER_OBJECT_CONVERSION = YES_AGGRESSIVE;
				CLANG_CXX_LANGUAGE_STANDARD = "gnu++14";
				CLANG_CXX_LIBRARY = "libc++";
				CLANG_ENABLE_MODULES = YES;
				CLANG_ENABLE_OBJC_ARC = YES;
				CLANG_WARN_BLOCK_CAPTURE_AUTORELEASING = YES;
				CLANG_WARN_BOOL_CONVERSION = YES;
				CLANG_WARN_COMMA = YES;
				CLANG_WARN_CONSTANT_CONVERSION = YES;
				CLANG_WARN_DIRECT_OBJC_ISA_USAGE = YES_ERROR;
				CLANG_WARN_DOCUMENTATION_COMMENTS = YES;
				CLANG_WARN_EMPTY_BODY = YES;
				CLANG_WARN_ENUM_CONVERSION = YES;
				CLANG_WARN_INFINITE_RECURSION = YES;
				CLANG_WARN_INT_CONVERSION = YES;
				CLANG_WARN_NON_LITERAL_NULL_CONVERSION = YES;
				CLANG_WARN_OBJC_LITERAL_CONVERSION = YES;
				CLANG_WARN_OBJC_ROOT_CLASS = YES_ERROR;
				CLANG_WARN_RANGE_LOOP_ANALYSIS = YES;
				CLANG_WARN_STRICT_PROTOTYPES = YES;
				CLANG_WARN_SUSPICIOUS_MOVE = YES;
				CLANG_WARN_UNGUARDED_AVAILABILITY = YES_AGGRESSIVE;
				CLANG_WARN_UNREACHABLE_CODE = YES;
				CLANG_WARN__DUPLICATE_METHOD_MATCH = YES;
				CODE_SIGN_IDENTITY = "iPhone Developer";
				COPY_PHASE_STRIP = NO;
				DEBUG_INFORMATION_FORMAT = dwarf;
				ENABLE_STRICT_OBJC_MSGSEND = YES;
				ENABLE_TESTABILITY = YES;
				GCC_C_LANGUAGE_STANDARD = gnu11;
				GCC_DYNAMIC_NO_PIC = NO;
				GCC_NO_COMMON_BLOCKS = YES;
				GCC_OPTIMIZATION_LEVEL = 0;
				GCC_PREPROCESSOR_DEFINITIONS = (
					"DEBUG=1",
					"$(inherited)",
				);
				GCC_WARN_64_TO_32_BIT_CONVERSION = YES;
				GCC_WARN_ABOUT_RETURN_TYPE = YES_ERROR;
				GCC_WARN_UNDECLARED_SELECTOR = YES;
				GCC_WARN_UNINITIALIZED_AUTOS = YES_AGGRESSIVE;
				GCC_WARN_UNUSED_FUNCTION = YES;
				GCC_WARN_UNUSED_VARIABLE = YES;
				IPHONEOS_DEPLOYMENT_TARGET = 11.0;
				MTL_ENABLE_DEBUG_INFO = YES;
				ONLY_ACTIVE_ARCH = YES;
				SDKROOT = iphoneos;
				SWIFT_ACTIVE_COMPILATION_CONDITIONS = DEBUG;
				SWIFT_OPTIMIZATION_LEVEL = "-Onone";
			};
			name = Debug;
		};
		6F49C2C71FA58F1500D20612 /* Release */ = {
			isa = XCBuildConfiguration;
			buildSettings = {
				ALWAYS_SEARCH_USER_PATHS = NO;
				CLANG_ANALYZER_NONNULL = YES;
				CLANG_ANALYZER_NUMBER_OBJECT_CONVERSION = YES_AGGRESSIVE;
				CLANG_CXX_LANGUAGE_STANDARD = "gnu++14";
				CLANG_CXX_LIBRARY = "libc++";
				CLANG_ENABLE_MODULES = YES;
				CLANG_ENABLE_OBJC_ARC = YES;
				CLANG_WARN_BLOCK_CAPTURE_AUTORELEASING = YES;
				CLANG_WARN_BOOL_CONVERSION = YES;
				CLANG_WARN_COMMA = YES;
				CLANG_WARN_CONSTANT_CONVERSION = YES;
				CLANG_WARN_DIRECT_OBJC_ISA_USAGE = YES_ERROR;
				CLANG_WARN_DOCUMENTATION_COMMENTS = YES;
				CLANG_WARN_EMPTY_BODY = YES;
				CLANG_WARN_ENUM_CONVERSION = YES;
				CLANG_WARN_INFINITE_RECURSION = YES;
				CLANG_WARN_INT_CONVERSION = YES;
				CLANG_WARN_NON_LITERAL_NULL_CONVERSION = YES;
				CLANG_WARN_OBJC_LITERAL_CONVERSION = YES;
				CLANG_WARN_OBJC_ROOT_CLASS = YES_ERROR;
				CLANG_WARN_RANGE_LOOP_ANALYSIS = YES;
				CLANG_WARN_STRICT_PROTOTYPES = YES;
				CLANG_WARN_SUSPICIOUS_MOVE = YES;
				CLANG_WARN_UNGUARDED_AVAILABILITY = YES_AGGRESSIVE;
				CLANG_WARN_UNREACHABLE_CODE = YES;
				CLANG_WARN__DUPLICATE_METHOD_MATCH = YES;
				CODE_SIGN_IDENTITY = "iPhone Developer";
				COPY_PHASE_STRIP = NO;
				DEBUG_INFORMATION_FORMAT = "dwarf-with-dsym";
				ENABLE_NS_ASSERTIONS = NO;
				ENABLE_STRICT_OBJC_MSGSEND = YES;
				GCC_C_LANGUAGE_STANDARD = gnu11;
				GCC_NO_COMMON_BLOCKS = YES;
				GCC_WARN_64_TO_32_BIT_CONVERSION = YES;
				GCC_WARN_ABOUT_RETURN_TYPE = YES_ERROR;
				GCC_WARN_UNDECLARED_SELECTOR = YES;
				GCC_WARN_UNINITIALIZED_AUTOS = YES_AGGRESSIVE;
				GCC_WARN_UNUSED_FUNCTION = YES;
				GCC_WARN_UNUSED_VARIABLE = YES;
				IPHONEOS_DEPLOYMENT_TARGET = 11.0;
				MTL_ENABLE_DEBUG_INFO = NO;
				SDKROOT = iphoneos;
				SWIFT_OPTIMIZATION_LEVEL = "-Owholemodule";
				VALIDATE_PRODUCT = YES;
			};
			name = Release;
		};
		6F49C2C91FA58F1500D20612 /* Debug */ = {
			isa = XCBuildConfiguration;
			buildSettings = {
				ASSETCATALOG_COMPILER_APPICON_NAME = AppIcon;
				CODE_SIGN_STYLE = Automatic;
				INFOPLIST_FILE = shoppingIOS/Info.plist;
				LD_RUNPATH_SEARCH_PATHS = "$(inherited) @executable_path/Frameworks";
				PRODUCT_BUNDLE_IDENTIFIER = com.holy.shoppingIOS;
				PRODUCT_NAME = "$(TARGET_NAME)";
				SWIFT_VERSION = 4.0;
				TARGETED_DEVICE_FAMILY = "1,2";
			};
			name = Debug;
		};
		6F49C2CA1FA58F1500D20612 /* Release */ = {
			isa = XCBuildConfiguration;
			buildSettings = {
				ASSETCATALOG_COMPILER_APPICON_NAME = AppIcon;
				CODE_SIGN_STYLE = Automatic;
				INFOPLIST_FILE = shoppingIOS/Info.plist;
				LD_RUNPATH_SEARCH_PATHS = "$(inherited) @executable_path/Frameworks";
				PRODUCT_BUNDLE_IDENTIFIER = com.holy.shoppingIOS;
				PRODUCT_NAME = "$(TARGET_NAME)";
				SWIFT_VERSION = 4.0;
				TARGETED_DEVICE_FAMILY = "1,2";
			};
			name = Release;
		};
		6F49C2CC1FA58F1500D20612 /* Debug */ = {
			isa = XCBuildConfiguration;
			buildSettings = {
				ALWAYS_EMBED_SWIFT_STANDARD_LIBRARIES = YES;
				BUNDLE_LOADER = "$(TEST_HOST)";
				CODE_SIGN_STYLE = Automatic;
				INFOPLIST_FILE = shoppingIOSTests/Info.plist;
				LD_RUNPATH_SEARCH_PATHS = "$(inherited) @executable_path/Frameworks @loader_path/Frameworks";
				PRODUCT_BUNDLE_IDENTIFIER = com.holy.shoppingIOSTests;
				PRODUCT_NAME = "$(TARGET_NAME)";
				SWIFT_VERSION = 4.0;
				TARGETED_DEVICE_FAMILY = "1,2";
				TEST_HOST = "$(BUILT_PRODUCTS_DIR)/shoppingIOS.app/shoppingIOS";
			};
			name = Debug;
		};
		6F49C2CD1FA58F1500D20612 /* Release */ = {
			isa = XCBuildConfiguration;
			buildSettings = {
				ALWAYS_EMBED_SWIFT_STANDARD_LIBRARIES = YES;
				BUNDLE_LOADER = "$(TEST_HOST)";
				CODE_SIGN_STYLE = Automatic;
				INFOPLIST_FILE = shoppingIOSTests/Info.plist;
				LD_RUNPATH_SEARCH_PATHS = "$(inherited) @executable_path/Frameworks @loader_path/Frameworks";
				PRODUCT_BUNDLE_IDENTIFIER = com.holy.shoppingIOSTests;
				PRODUCT_NAME = "$(TARGET_NAME)";
				SWIFT_VERSION = 4.0;
				TARGETED_DEVICE_FAMILY = "1,2";
				TEST_HOST = "$(BUILT_PRODUCTS_DIR)/shoppingIOS.app/shoppingIOS";
			};
			name = Release;
		};
		6F49C2CF1FA58F1500D20612 /* Debug */ = {
			isa = XCBuildConfiguration;
			buildSettings = {
				ALWAYS_EMBED_SWIFT_STANDARD_LIBRARIES = YES;
				CODE_SIGN_STYLE = Automatic;
				INFOPLIST_FILE = shoppingIOSUITests/Info.plist;
				LD_RUNPATH_SEARCH_PATHS = "$(inherited) @executable_path/Frameworks @loader_path/Frameworks";
				PRODUCT_BUNDLE_IDENTIFIER = com.holy.shoppingIOSUITests;
				PRODUCT_NAME = "$(TARGET_NAME)";
				SWIFT_VERSION = 4.0;
				TARGETED_DEVICE_FAMILY = "1,2";
				TEST_TARGET_NAME = shoppingIOS;
			};
			name = Debug;
		};
		6F49C2D01FA58F1500D20612 /* Release */ = {
			isa = XCBuildConfiguration;
			buildSettings = {
				ALWAYS_EMBED_SWIFT_STANDARD_LIBRARIES = YES;
				CODE_SIGN_STYLE = Automatic;
				INFOPLIST_FILE = shoppingIOSUITests/Info.plist;
				LD_RUNPATH_SEARCH_PATHS = "$(inherited) @executable_path/Frameworks @loader_path/Frameworks";
				PRODUCT_BUNDLE_IDENTIFIER = com.holy.shoppingIOSUITests;
				PRODUCT_NAME = "$(TARGET_NAME)";
				SWIFT_VERSION = 4.0;
				TARGETED_DEVICE_FAMILY = "1,2";
				TEST_TARGET_NAME = shoppingIOS;
			};
			name = Release;
		};
/* End XCBuildConfiguration section */

/* Begin XCConfigurationList section */
		6F49C29B1FA58F1400D20612 /* Build configuration list for PBXProject "shoppingIOS" */ = {
			isa = XCConfigurationList;
			buildConfigurations = (
				6F49C2C61FA58F1500D20612 /* Debug */,
				6F49C2C71FA58F1500D20612 /* Release */,
			);
			defaultConfigurationIsVisible = 0;
			defaultConfigurationName = Release;
		};
		6F49C2C81FA58F1500D20612 /* Build configuration list for PBXNativeTarget "shoppingIOS" */ = {
			isa = XCConfigurationList;
			buildConfigurations = (
				6F49C2C91FA58F1500D20612 /* Debug */,
				6F49C2CA1FA58F1500D20612 /* Release */,
			);
			defaultConfigurationIsVisible = 0;
			defaultConfigurationName = Release;
		};
		6F49C2CB1FA58F1500D20612 /* Build configuration list for PBXNativeTarget "shoppingIOSTests" */ = {
			isa = XCConfigurationList;
			buildConfigurations = (
				6F49C2CC1FA58F1500D20612 /* Debug */,
				6F49C2CD1FA58F1500D20612 /* Release */,
			);
			defaultConfigurationIsVisible = 0;
			defaultConfigurationName = Release;
		};
		6F49C2CE1FA58F1500D20612 /* Build configuration list for PBXNativeTarget "shoppingIOSUITests" */ = {
			isa = XCConfigurationList;
			buildConfigurations = (
				6F49C2CF1FA58F1500D20612 /* Debug */,
				6F49C2D01FA58F1500D20612 /* Release */,
			);
			defaultConfigurationIsVisible = 0;
			defaultConfigurationName = Release;
		};
/* End XCConfigurationList section */
	};
	rootObject = 6F49C2981FA58F1400D20612 /* Project object */;
}
